// !$*UTF8*$!
{
	archiveVersion = 1;
	classes = {
	};
	objectVersion = 46;
	objects = {

/* Begin PBXBuildFile section */
		480ECCB097F22EB6A905A949 /* Pods_ResidentWKApp_WatchKit_App.framework in Frameworks */ = {isa = PBXBuildFile; fileRef = 24789A004CE6620A566D8343 /* Pods_ResidentWKApp_WatchKit_App.framework */; };
		77CEA2BED1BEBB21AA1F346C /* Pods_ResidentWKApp_WatchKit_Extension.framework in Frameworks */ = {isa = PBXBuildFile; fileRef = 8EFF45925EA95ED5408DE0B6 /* Pods_ResidentWKApp_WatchKit_Extension.framework */; };
		796CF1171D55AC6D0080FB07 /* MessagesController.swift in Sources */ = {isa = PBXBuildFile; fileRef = 796CF1161D55AC6D0080FB07 /* MessagesController.swift */; };
		796CF1191D55B4380080FB07 /* MessageRow.swift in Sources */ = {isa = PBXBuildFile; fileRef = 796CF1181D55B4380080FB07 /* MessageRow.swift */; };
		796CF11B1D55C5250080FB07 /* MessageDetailsController.swift in Sources */ = {isa = PBXBuildFile; fileRef = 796CF11A1D55C5250080FB07 /* MessageDetailsController.swift */; };
		796CF11C1D55CBE90080FB07 /* OpenSans-Bold.ttf in Resources */ = {isa = PBXBuildFile; fileRef = 79C96DB71D519D320060E662 /* OpenSans-Bold.ttf */; };
		796CF11D1D55CBE90080FB07 /* OpenSans-BoldItalic.ttf in Resources */ = {isa = PBXBuildFile; fileRef = 79C96DB81D519D320060E662 /* OpenSans-BoldItalic.ttf */; };
		796CF11E1D55CBE90080FB07 /* OpenSans-ExtraBold.ttf in Resources */ = {isa = PBXBuildFile; fileRef = 79C96DB91D519D320060E662 /* OpenSans-ExtraBold.ttf */; };
		796CF11F1D55CBE90080FB07 /* OpenSans-ExtraBoldItalic.ttf in Resources */ = {isa = PBXBuildFile; fileRef = 79C96DBA1D519D320060E662 /* OpenSans-ExtraBoldItalic.ttf */; };
		796CF1201D55CBE90080FB07 /* OpenSans-Italic.ttf in Resources */ = {isa = PBXBuildFile; fileRef = 79C96DBB1D519D320060E662 /* OpenSans-Italic.ttf */; };
		796CF1211D55CBE90080FB07 /* OpenSans-Light.ttf in Resources */ = {isa = PBXBuildFile; fileRef = 79C96DBC1D519D320060E662 /* OpenSans-Light.ttf */; };
		796CF1221D55CBE90080FB07 /* OpenSans-LightItalic.ttf in Resources */ = {isa = PBXBuildFile; fileRef = 79C96DBD1D519D320060E662 /* OpenSans-LightItalic.ttf */; };
		796CF1231D55CBE90080FB07 /* OpenSans-Regular.ttf in Resources */ = {isa = PBXBuildFile; fileRef = 79C96DBE1D519D320060E662 /* OpenSans-Regular.ttf */; };
		796CF1241D55CBE90080FB07 /* OpenSans-Semibold.ttf in Resources */ = {isa = PBXBuildFile; fileRef = 79C96DBF1D519D320060E662 /* OpenSans-Semibold.ttf */; };
		796CF1251D55CBE90080FB07 /* OpenSans-SemiboldItalic.ttf in Resources */ = {isa = PBXBuildFile; fileRef = 79C96DC01D519D320060E662 /* OpenSans-SemiboldItalic.ttf */; };
		796CF1291D55FBB20080FB07 /* Notification.swift in Sources */ = {isa = PBXBuildFile; fileRef = 79C96DE51D52D1C80060E662 /* Notification.swift */; };
		796CF12A1D55FBB60080FB07 /* Notification+CoreDataProperties.swift in Sources */ = {isa = PBXBuildFile; fileRef = 79C96DE41D52D1C80060E662 /* Notification+CoreDataProperties.swift */; };
		796CF12E1D564E840080FB07 /* Message.swift in Sources */ = {isa = PBXBuildFile; fileRef = 796CF1261D55FB260080FB07 /* Message.swift */; };
		79C96D581D4DD52D0060E662 /* AppDelegate.swift in Sources */ = {isa = PBXBuildFile; fileRef = 79C96D571D4DD52D0060E662 /* AppDelegate.swift */; };
		79C96D5F1D4DD52D0060E662 /* Assets.xcassets in Resources */ = {isa = PBXBuildFile; fileRef = 79C96D5E1D4DD52D0060E662 /* Assets.xcassets */; };
		79C96D621D4DD52D0060E662 /* LaunchScreen.storyboard in Resources */ = {isa = PBXBuildFile; fileRef = 79C96D601D4DD52D0060E662 /* LaunchScreen.storyboard */; };
		79C96D671D4DD52D0060E662 /* ResidentWKApp WatchKit App.app in Embed Watch Content */ = {isa = PBXBuildFile; fileRef = 79C96D661D4DD52D0060E662 /* ResidentWKApp WatchKit App.app */; };
		79C96D6D1D4DD52D0060E662 /* Interface.storyboard in Resources */ = {isa = PBXBuildFile; fileRef = 79C96D6B1D4DD52D0060E662 /* Interface.storyboard */; };
		79C96D6F1D4DD52D0060E662 /* Assets.xcassets in Resources */ = {isa = PBXBuildFile; fileRef = 79C96D6E1D4DD52D0060E662 /* Assets.xcassets */; };
		79C96D761D4DD52D0060E662 /* ResidentWKApp WatchKit Extension.appex in Embed App Extensions */ = {isa = PBXBuildFile; fileRef = 79C96D751D4DD52D0060E662 /* ResidentWKApp WatchKit Extension.appex */; settings = {ATTRIBUTES = (RemoveHeadersOnCopy, ); }; };
		79C96D7D1D4DD52D0060E662 /* InterfaceController.swift in Sources */ = {isa = PBXBuildFile; fileRef = 79C96D7C1D4DD52D0060E662 /* InterfaceController.swift */; };
		79C96D7F1D4DD52D0060E662 /* ExtensionDelegate.swift in Sources */ = {isa = PBXBuildFile; fileRef = 79C96D7E1D4DD52D0060E662 /* ExtensionDelegate.swift */; };
		79C96D811D4DD52D0060E662 /* NotificationController.swift in Sources */ = {isa = PBXBuildFile; fileRef = 79C96D801D4DD52D0060E662 /* NotificationController.swift */; };
		79C96D831D4DD52D0060E662 /* Assets.xcassets in Resources */ = {isa = PBXBuildFile; fileRef = 79C96D821D4DD52D0060E662 /* Assets.xcassets */; };
		79C96D961D4EEC380060E662 /* BaseIO.swift in Sources */ = {isa = PBXBuildFile; fileRef = 79C96D941D4EEC380060E662 /* BaseIO.swift */; };
		79C96D971D4EEC380060E662 /* NetworkIO.swift in Sources */ = {isa = PBXBuildFile; fileRef = 79C96D951D4EEC380060E662 /* NetworkIO.swift */; };
		79C96D9A1D4EEC870060E662 /* Constants.swift in Sources */ = {isa = PBXBuildFile; fileRef = 79C96D991D4EEC870060E662 /* Constants.swift */; };
		79C96D9C1D4EED490060E662 /* LocationManager.swift in Sources */ = {isa = PBXBuildFile; fileRef = 79C96D9B1D4EED490060E662 /* LocationManager.swift */; };
		79C96D9E1D4F6D980060E662 /* SystemConfiguration.framework in Frameworks */ = {isa = PBXBuildFile; fileRef = 79C96D9D1D4F6D980060E662 /* SystemConfiguration.framework */; };
		79C96DA31D4FAD250060E662 /* libz.tbd in Frameworks */ = {isa = PBXBuildFile; fileRef = 79C96DA21D4FAD250060E662 /* libz.tbd */; };
		79C96DA51D4FAD4A0060E662 /* libz.1.1.3.tbd in Frameworks */ = {isa = PBXBuildFile; fileRef = 79C96DA41D4FAD4A0060E662 /* libz.1.1.3.tbd */; };
		79C96DA71D4FAD9E0060E662 /* libstdc++.tbd in Frameworks */ = {isa = PBXBuildFile; fileRef = 79C96DA61D4FAD9E0060E662 /* libstdc++.tbd */; };
		79C96DA91D50C1D20060E662 /* User.swift in Sources */ = {isa = PBXBuildFile; fileRef = 79C96DA81D50C1D20060E662 /* User.swift */; };
		79C96DAC1D50C4790060E662 /* LoginViewController.swift in Sources */ = {isa = PBXBuildFile; fileRef = 79C96DAB1D50C4790060E662 /* LoginViewController.swift */; };
		79C96DAE1D5185EC0060E662 /* LandingViewController.swift in Sources */ = {isa = PBXBuildFile; fileRef = 79C96DAD1D5185EC0060E662 /* LandingViewController.swift */; };
		79C96DB11D51864C0060E662 /* LoginViewController.xib in Resources */ = {isa = PBXBuildFile; fileRef = 79C96DB01D51864C0060E662 /* LoginViewController.xib */; };
		79C96DB31D5186660060E662 /* LandingViewController.xib in Resources */ = {isa = PBXBuildFile; fileRef = 79C96DB21D5186660060E662 /* LandingViewController.xib */; };
		79C96DB51D5195380060E662 /* KeyboardViewController.swift in Sources */ = {isa = PBXBuildFile; fileRef = 79C96DB41D5195380060E662 /* KeyboardViewController.swift */; };
		79C96DC11D519D320060E662 /* OpenSans-Bold.ttf in Resources */ = {isa = PBXBuildFile; fileRef = 79C96DB71D519D320060E662 /* OpenSans-Bold.ttf */; };
		79C96DC21D519D320060E662 /* OpenSans-BoldItalic.ttf in Resources */ = {isa = PBXBuildFile; fileRef = 79C96DB81D519D320060E662 /* OpenSans-BoldItalic.ttf */; };
		79C96DC31D519D320060E662 /* OpenSans-ExtraBold.ttf in Resources */ = {isa = PBXBuildFile; fileRef = 79C96DB91D519D320060E662 /* OpenSans-ExtraBold.ttf */; };
		79C96DC41D519D320060E662 /* OpenSans-ExtraBoldItalic.ttf in Resources */ = {isa = PBXBuildFile; fileRef = 79C96DBA1D519D320060E662 /* OpenSans-ExtraBoldItalic.ttf */; };
		79C96DC51D519D320060E662 /* OpenSans-Italic.ttf in Resources */ = {isa = PBXBuildFile; fileRef = 79C96DBB1D519D320060E662 /* OpenSans-Italic.ttf */; };
		79C96DC61D519D320060E662 /* OpenSans-Light.ttf in Resources */ = {isa = PBXBuildFile; fileRef = 79C96DBC1D519D320060E662 /* OpenSans-Light.ttf */; };
		79C96DC71D519D320060E662 /* OpenSans-LightItalic.ttf in Resources */ = {isa = PBXBuildFile; fileRef = 79C96DBD1D519D320060E662 /* OpenSans-LightItalic.ttf */; };
		79C96DC81D519D320060E662 /* OpenSans-Regular.ttf in Resources */ = {isa = PBXBuildFile; fileRef = 79C96DBE1D519D320060E662 /* OpenSans-Regular.ttf */; };
		79C96DC91D519D320060E662 /* OpenSans-Semibold.ttf in Resources */ = {isa = PBXBuildFile; fileRef = 79C96DBF1D519D320060E662 /* OpenSans-Semibold.ttf */; };
		79C96DCA1D519D320060E662 /* OpenSans-SemiboldItalic.ttf in Resources */ = {isa = PBXBuildFile; fileRef = 79C96DC01D519D320060E662 /* OpenSans-SemiboldItalic.ttf */; };
		79C96DCC1D51B2120060E662 /* Util.swift in Sources */ = {isa = PBXBuildFile; fileRef = 79C96DCB1D51B2120060E662 /* Util.swift */; };
		79C96DCE1D5203EA0060E662 /* MessagesViewController.xib in Resources */ = {isa = PBXBuildFile; fileRef = 79C96DCD1D5203EA0060E662 /* MessagesViewController.xib */; };
		79C96DD01D5204170060E662 /* MessagesViewController.swift in Sources */ = {isa = PBXBuildFile; fileRef = 79C96DCF1D5204170060E662 /* MessagesViewController.swift */; };
		79C96DD21D520E610060E662 /* MessageDetailsViewController.swift in Sources */ = {isa = PBXBuildFile; fileRef = 79C96DD11D520E610060E662 /* MessageDetailsViewController.swift */; };
		79C96DD41D520E850060E662 /* MessageDetailsViewController.xib in Resources */ = {isa = PBXBuildFile; fileRef = 79C96DD31D520E850060E662 /* MessageDetailsViewController.xib */; };
		79C96DD61D5213B20060E662 /* MessageCell.xib in Resources */ = {isa = PBXBuildFile; fileRef = 79C96DD51D5213B20060E662 /* MessageCell.xib */; };
		79C96DD91D5213EC0060E662 /* MessageCell.swift in Sources */ = {isa = PBXBuildFile; fileRef = 79C96DD81D5213EC0060E662 /* MessageCell.swift */; };
		79C96DDE1D52D0720060E662 /* DataManager.swift in Sources */ = {isa = PBXBuildFile; fileRef = 79C96DDB1D52D0720060E662 /* DataManager.swift */; };
		79C96DDF1D52D0720060E662 /* DataModel.xcdatamodeld in Sources */ = {isa = PBXBuildFile; fileRef = 79C96DDC1D52D0720060E662 /* DataModel.xcdatamodeld */; };
		79C96DE61D52D1C80060E662 /* Notification+CoreDataProperties.swift in Sources */ = {isa = PBXBuildFile; fileRef = 79C96DE41D52D1C80060E662 /* Notification+CoreDataProperties.swift */; };
		79C96DE71D52D1C80060E662 /* Notification.swift in Sources */ = {isa = PBXBuildFile; fileRef = 79C96DE51D52D1C80060E662 /* Notification.swift */; };
		D21D7727127C3C03AFBE5D5C /* Pods_ResidentWKApp.framework in Frameworks */ = {isa = PBXBuildFile; fileRef = 512C53FF2946C6207E8BF804 /* Pods_ResidentWKApp.framework */; };
/* End PBXBuildFile section */

/* Begin PBXContainerItemProxy section */
		79C96D681D4DD52D0060E662 /* PBXContainerItemProxy */ = {
			isa = PBXContainerItemProxy;
			containerPortal = 79C96D4C1D4DD52C0060E662 /* Project object */;
			proxyType = 1;
			remoteGlobalIDString = 79C96D651D4DD52D0060E662;
			remoteInfo = "ResidentWKApp WatchKit App";
		};
		79C96D771D4DD52D0060E662 /* PBXContainerItemProxy */ = {
			isa = PBXContainerItemProxy;
			containerPortal = 79C96D4C1D4DD52C0060E662 /* Project object */;
			proxyType = 1;
			remoteGlobalIDString = 79C96D741D4DD52D0060E662;
			remoteInfo = "ResidentWKApp WatchKit Extension";
		};
/* End PBXContainerItemProxy section */

/* Begin PBXCopyFilesBuildPhase section */
		79C96D8A1D4DD52D0060E662 /* Embed App Extensions */ = {
			isa = PBXCopyFilesBuildPhase;
			buildActionMask = 2147483647;
			dstPath = "";
			dstSubfolderSpec = 13;
			files = (
				79C96D761D4DD52D0060E662 /* ResidentWKApp WatchKit Extension.appex in Embed App Extensions */,
			);
			name = "Embed App Extensions";
			runOnlyForDeploymentPostprocessing = 0;
		};
		79C96D8E1D4DD52D0060E662 /* Embed Watch Content */ = {
			isa = PBXCopyFilesBuildPhase;
			buildActionMask = 2147483647;
			dstPath = "$(CONTENTS_FOLDER_PATH)/Watch";
			dstSubfolderSpec = 16;
			files = (
				79C96D671D4DD52D0060E662 /* ResidentWKApp WatchKit App.app in Embed Watch Content */,
			);
			name = "Embed Watch Content";
			runOnlyForDeploymentPostprocessing = 0;
		};
/* End PBXCopyFilesBuildPhase section */

/* Begin PBXFileReference section */
		169BF835F3FC15C021E696EB /* Pods-ResidentWKApp WatchKit App.debug.xcconfig */ = {isa = PBXFileReference; includeInIndex = 1; lastKnownFileType = text.xcconfig; name = "Pods-ResidentWKApp WatchKit App.debug.xcconfig"; path = "Pods/Target Support Files/Pods-ResidentWKApp WatchKit App/Pods-ResidentWKApp WatchKit App.debug.xcconfig"; sourceTree = "<group>"; };
		24789A004CE6620A566D8343 /* Pods_ResidentWKApp_WatchKit_App.framework */ = {isa = PBXFileReference; explicitFileType = wrapper.framework; includeInIndex = 0; path = Pods_ResidentWKApp_WatchKit_App.framework; sourceTree = BUILT_PRODUCTS_DIR; };
		512C53FF2946C6207E8BF804 /* Pods_ResidentWKApp.framework */ = {isa = PBXFileReference; explicitFileType = wrapper.framework; includeInIndex = 0; path = Pods_ResidentWKApp.framework; sourceTree = BUILT_PRODUCTS_DIR; };
		59865A24933DCE6E8377B50F /* Pods-ResidentWKApp.release.xcconfig */ = {isa = PBXFileReference; includeInIndex = 1; lastKnownFileType = text.xcconfig; name = "Pods-ResidentWKApp.release.xcconfig"; path = "Pods/Target Support Files/Pods-ResidentWKApp/Pods-ResidentWKApp.release.xcconfig"; sourceTree = "<group>"; };
		5CD88208E3D08BD2B4A64F12 /* Pods-ResidentWKApp WatchKit Extension.debug.xcconfig */ = {isa = PBXFileReference; includeInIndex = 1; lastKnownFileType = text.xcconfig; name = "Pods-ResidentWKApp WatchKit Extension.debug.xcconfig"; path = "Pods/Target Support Files/Pods-ResidentWKApp WatchKit Extension/Pods-ResidentWKApp WatchKit Extension.debug.xcconfig"; sourceTree = "<group>"; };
		796CF1161D55AC6D0080FB07 /* MessagesController.swift */ = {isa = PBXFileReference; fileEncoding = 4; lastKnownFileType = sourcecode.swift; path = MessagesController.swift; sourceTree = "<group>"; };
		796CF1181D55B4380080FB07 /* MessageRow.swift */ = {isa = PBXFileReference; fileEncoding = 4; lastKnownFileType = sourcecode.swift; path = MessageRow.swift; sourceTree = "<group>"; };
		796CF11A1D55C5250080FB07 /* MessageDetailsController.swift */ = {isa = PBXFileReference; fileEncoding = 4; lastKnownFileType = sourcecode.swift; path = MessageDetailsController.swift; sourceTree = "<group>"; };
		796CF1261D55FB260080FB07 /* Message.swift */ = {isa = PBXFileReference; fileEncoding = 4; lastKnownFileType = sourcecode.swift; path = Message.swift; sourceTree = "<group>"; };
		79C96D541D4DD52D0060E662 /* ResidentWKApp.app */ = {isa = PBXFileReference; explicitFileType = wrapper.application; includeInIndex = 0; path = ResidentWKApp.app; sourceTree = BUILT_PRODUCTS_DIR; };
		79C96D571D4DD52D0060E662 /* AppDelegate.swift */ = {isa = PBXFileReference; lastKnownFileType = sourcecode.swift; path = AppDelegate.swift; sourceTree = "<group>"; };
		79C96D5E1D4DD52D0060E662 /* Assets.xcassets */ = {isa = PBXFileReference; lastKnownFileType = folder.assetcatalog; path = Assets.xcassets; sourceTree = "<group>"; };
		79C96D611D4DD52D0060E662 /* Base */ = {isa = PBXFileReference; lastKnownFileType = file.storyboard; name = Base; path = Base.lproj/LaunchScreen.storyboard; sourceTree = "<group>"; };
		79C96D631D4DD52D0060E662 /* Info.plist */ = {isa = PBXFileReference; lastKnownFileType = text.plist.xml; path = Info.plist; sourceTree = "<group>"; };
		79C96D661D4DD52D0060E662 /* ResidentWKApp WatchKit App.app */ = {isa = PBXFileReference; explicitFileType = wrapper.application; includeInIndex = 0; path = "ResidentWKApp WatchKit App.app"; sourceTree = BUILT_PRODUCTS_DIR; };
		79C96D6C1D4DD52D0060E662 /* Base */ = {isa = PBXFileReference; lastKnownFileType = file.storyboard; name = Base; path = Base.lproj/Interface.storyboard; sourceTree = "<group>"; };
		79C96D6E1D4DD52D0060E662 /* Assets.xcassets */ = {isa = PBXFileReference; lastKnownFileType = folder.assetcatalog; path = Assets.xcassets; sourceTree = "<group>"; };
		79C96D701D4DD52D0060E662 /* Info.plist */ = {isa = PBXFileReference; lastKnownFileType = text.plist.xml; path = Info.plist; sourceTree = "<group>"; };
		79C96D751D4DD52D0060E662 /* ResidentWKApp WatchKit Extension.appex */ = {isa = PBXFileReference; explicitFileType = "wrapper.app-extension"; includeInIndex = 0; path = "ResidentWKApp WatchKit Extension.appex"; sourceTree = BUILT_PRODUCTS_DIR; };
		79C96D7B1D4DD52D0060E662 /* PushNotificationPayload.apns */ = {isa = PBXFileReference; lastKnownFileType = text; path = PushNotificationPayload.apns; sourceTree = "<group>"; };
		79C96D7C1D4DD52D0060E662 /* InterfaceController.swift */ = {isa = PBXFileReference; lastKnownFileType = sourcecode.swift; path = InterfaceController.swift; sourceTree = "<group>"; };
		79C96D7E1D4DD52D0060E662 /* ExtensionDelegate.swift */ = {isa = PBXFileReference; lastKnownFileType = sourcecode.swift; path = ExtensionDelegate.swift; sourceTree = "<group>"; };
		79C96D801D4DD52D0060E662 /* NotificationController.swift */ = {isa = PBXFileReference; lastKnownFileType = sourcecode.swift; path = NotificationController.swift; sourceTree = "<group>"; };
		79C96D821D4DD52D0060E662 /* Assets.xcassets */ = {isa = PBXFileReference; lastKnownFileType = folder.assetcatalog; path = Assets.xcassets; sourceTree = "<group>"; };
		79C96D841D4DD52D0060E662 /* Info.plist */ = {isa = PBXFileReference; lastKnownFileType = text.plist.xml; path = Info.plist; sourceTree = "<group>"; };
		79C96D941D4EEC380060E662 /* BaseIO.swift */ = {isa = PBXFileReference; fileEncoding = 4; lastKnownFileType = sourcecode.swift; path = BaseIO.swift; sourceTree = "<group>"; };
		79C96D951D4EEC380060E662 /* NetworkIO.swift */ = {isa = PBXFileReference; fileEncoding = 4; lastKnownFileType = sourcecode.swift; path = NetworkIO.swift; sourceTree = "<group>"; };
		79C96D991D4EEC870060E662 /* Constants.swift */ = {isa = PBXFileReference; fileEncoding = 4; lastKnownFileType = sourcecode.swift; name = Constants.swift; path = Models/Constants.swift; sourceTree = "<group>"; };
		79C96D9B1D4EED490060E662 /* LocationManager.swift */ = {isa = PBXFileReference; fileEncoding = 4; lastKnownFileType = sourcecode.swift; name = LocationManager.swift; path = Models/LocationManager.swift; sourceTree = "<group>"; };
		79C96D9D1D4F6D980060E662 /* SystemConfiguration.framework */ = {isa = PBXFileReference; lastKnownFileType = wrapper.framework; name = SystemConfiguration.framework; path = System/Library/Frameworks/SystemConfiguration.framework; sourceTree = SDKROOT; };
		79C96D9F1D4F6E1D0060E662 /* ResidentWKApp-Bridging-Header.h */ = {isa = PBXFileReference; lastKnownFileType = sourcecode.c.h; path = "ResidentWKApp-Bridging-Header.h"; sourceTree = "<group>"; };
		79C96DA21D4FAD250060E662 /* libz.tbd */ = {isa = PBXFileReference; lastKnownFileType = "sourcecode.text-based-dylib-definition"; name = libz.tbd; path = usr/lib/libz.tbd; sourceTree = SDKROOT; };
		79C96DA41D4FAD4A0060E662 /* libz.1.1.3.tbd */ = {isa = PBXFileReference; lastKnownFileType = "sourcecode.text-based-dylib-definition"; name = libz.1.1.3.tbd; path = usr/lib/libz.1.1.3.tbd; sourceTree = SDKROOT; };
		79C96DA61D4FAD9E0060E662 /* libstdc++.tbd */ = {isa = PBXFileReference; lastKnownFileType = "sourcecode.text-based-dylib-definition"; name = "libstdc++.tbd"; path = "usr/lib/libstdc++.tbd"; sourceTree = SDKROOT; };
		79C96DA81D50C1D20060E662 /* User.swift */ = {isa = PBXFileReference; fileEncoding = 4; lastKnownFileType = sourcecode.swift; path = User.swift; sourceTree = "<group>"; };
		79C96DAB1D50C4790060E662 /* LoginViewController.swift */ = {isa = PBXFileReference; fileEncoding = 4; lastKnownFileType = sourcecode.swift; path = LoginViewController.swift; sourceTree = "<group>"; };
		79C96DAD1D5185EC0060E662 /* LandingViewController.swift */ = {isa = PBXFileReference; fileEncoding = 4; lastKnownFileType = sourcecode.swift; path = LandingViewController.swift; sourceTree = "<group>"; };
		79C96DB01D51864C0060E662 /* LoginViewController.xib */ = {isa = PBXFileReference; fileEncoding = 4; lastKnownFileType = file.xib; name = LoginViewController.xib; path = Xibs/LoginViewController.xib; sourceTree = "<group>"; };
		79C96DB21D5186660060E662 /* LandingViewController.xib */ = {isa = PBXFileReference; fileEncoding = 4; lastKnownFileType = file.xib; name = LandingViewController.xib; path = Xibs/LandingViewController.xib; sourceTree = "<group>"; };
		79C96DB41D5195380060E662 /* KeyboardViewController.swift */ = {isa = PBXFileReference; fileEncoding = 4; lastKnownFileType = sourcecode.swift; name = KeyboardViewController.swift; path = Controllers/KeyboardViewController.swift; sourceTree = "<group>"; };
		79C96DB71D519D320060E662 /* OpenSans-Bold.ttf */ = {isa = PBXFileReference; lastKnownFileType = file; path = "OpenSans-Bold.ttf"; sourceTree = "<group>"; };
		79C96DB81D519D320060E662 /* OpenSans-BoldItalic.ttf */ = {isa = PBXFileReference; lastKnownFileType = file; path = "OpenSans-BoldItalic.ttf"; sourceTree = "<group>"; };
		79C96DB91D519D320060E662 /* OpenSans-ExtraBold.ttf */ = {isa = PBXFileReference; lastKnownFileType = file; path = "OpenSans-ExtraBold.ttf"; sourceTree = "<group>"; };
		79C96DBA1D519D320060E662 /* OpenSans-ExtraBoldItalic.ttf */ = {isa = PBXFileReference; lastKnownFileType = file; path = "OpenSans-ExtraBoldItalic.ttf"; sourceTree = "<group>"; };
		79C96DBB1D519D320060E662 /* OpenSans-Italic.ttf */ = {isa = PBXFileReference; lastKnownFileType = file; path = "OpenSans-Italic.ttf"; sourceTree = "<group>"; };
		79C96DBC1D519D320060E662 /* OpenSans-Light.ttf */ = {isa = PBXFileReference; lastKnownFileType = file; path = "OpenSans-Light.ttf"; sourceTree = "<group>"; };
		79C96DBD1D519D320060E662 /* OpenSans-LightItalic.ttf */ = {isa = PBXFileReference; lastKnownFileType = file; path = "OpenSans-LightItalic.ttf"; sourceTree = "<group>"; };
		79C96DBE1D519D320060E662 /* OpenSans-Regular.ttf */ = {isa = PBXFileReference; lastKnownFileType = file; path = "OpenSans-Regular.ttf"; sourceTree = "<group>"; };
		79C96DBF1D519D320060E662 /* OpenSans-Semibold.ttf */ = {isa = PBXFileReference; lastKnownFileType = file; path = "OpenSans-Semibold.ttf"; sourceTree = "<group>"; };
		79C96DC01D519D320060E662 /* OpenSans-SemiboldItalic.ttf */ = {isa = PBXFileReference; lastKnownFileType = file; path = "OpenSans-SemiboldItalic.ttf"; sourceTree = "<group>"; };
		79C96DCB1D51B2120060E662 /* Util.swift */ = {isa = PBXFileReference; fileEncoding = 4; lastKnownFileType = sourcecode.swift; name = Util.swift; path = Models/Util.swift; sourceTree = "<group>"; };
		79C96DCD1D5203EA0060E662 /* MessagesViewController.xib */ = {isa = PBXFileReference; fileEncoding = 4; lastKnownFileType = file.xib; name = MessagesViewController.xib; path = Xibs/MessagesViewController.xib; sourceTree = "<group>"; };
		79C96DCF1D5204170060E662 /* MessagesViewController.swift */ = {isa = PBXFileReference; fileEncoding = 4; lastKnownFileType = sourcecode.swift; name = MessagesViewController.swift; path = Controllers/MessagesViewController.swift; sourceTree = "<group>"; };
		79C96DD11D520E610060E662 /* MessageDetailsViewController.swift */ = {isa = PBXFileReference; fileEncoding = 4; lastKnownFileType = sourcecode.swift; name = MessageDetailsViewController.swift; path = Controllers/MessageDetailsViewController.swift; sourceTree = "<group>"; };
		79C96DD31D520E850060E662 /* MessageDetailsViewController.xib */ = {isa = PBXFileReference; fileEncoding = 4; lastKnownFileType = file.xib; name = MessageDetailsViewController.xib; path = Xibs/MessageDetailsViewController.xib; sourceTree = "<group>"; };
		79C96DD51D5213B20060E662 /* MessageCell.xib */ = {isa = PBXFileReference; fileEncoding = 4; lastKnownFileType = file.xib; name = MessageCell.xib; path = Xibs/MessageCell.xib; sourceTree = "<group>"; };
		79C96DD81D5213EC0060E662 /* MessageCell.swift */ = {isa = PBXFileReference; fileEncoding = 4; lastKnownFileType = sourcecode.swift; name = MessageCell.swift; path = Views/MessageCell.swift; sourceTree = "<group>"; };
		79C96DDB1D52D0720060E662 /* DataManager.swift */ = {isa = PBXFileReference; fileEncoding = 4; lastKnownFileType = sourcecode.swift; path = DataManager.swift; sourceTree = "<group>"; };
		79C96DDD1D52D0720060E662 /* DataModel.xcdatamodel */ = {isa = PBXFileReference; lastKnownFileType = wrapper.xcdatamodel; path = DataModel.xcdatamodel; sourceTree = "<group>"; };
		79C96DE41D52D1C80060E662 /* Notification+CoreDataProperties.swift */ = {isa = PBXFileReference; fileEncoding = 4; lastKnownFileType = sourcecode.swift; name = "Notification+CoreDataProperties.swift"; path = "Models/Notification+CoreDataProperties.swift"; sourceTree = "<group>"; };
		79C96DE51D52D1C80060E662 /* Notification.swift */ = {isa = PBXFileReference; fileEncoding = 4; lastKnownFileType = sourcecode.swift; name = Notification.swift; path = Models/Notification.swift; sourceTree = "<group>"; };
		8EFF45925EA95ED5408DE0B6 /* Pods_ResidentWKApp_WatchKit_Extension.framework */ = {isa = PBXFileReference; explicitFileType = wrapper.framework; includeInIndex = 0; path = Pods_ResidentWKApp_WatchKit_Extension.framework; sourceTree = BUILT_PRODUCTS_DIR; };
		94BEC95712BFF64C85378072 /* Pods-ResidentWKApp.debug.xcconfig */ = {isa = PBXFileReference; includeInIndex = 1; lastKnownFileType = text.xcconfig; name = "Pods-ResidentWKApp.debug.xcconfig"; path = "Pods/Target Support Files/Pods-ResidentWKApp/Pods-ResidentWKApp.debug.xcconfig"; sourceTree = "<group>"; };
		C3BB0FD166FC8BF60AC796D5 /* Pods-ResidentWKApp WatchKit App.release.xcconfig */ = {isa = PBXFileReference; includeInIndex = 1; lastKnownFileType = text.xcconfig; name = "Pods-ResidentWKApp WatchKit App.release.xcconfig"; path = "Pods/Target Support Files/Pods-ResidentWKApp WatchKit App/Pods-ResidentWKApp WatchKit App.release.xcconfig"; sourceTree = "<group>"; };
		C6108BFE8AB20C7F9C1B8A94 /* Pods-ResidentWKApp WatchKit Extension.release.xcconfig */ = {isa = PBXFileReference; includeInIndex = 1; lastKnownFileType = text.xcconfig; name = "Pods-ResidentWKApp WatchKit Extension.release.xcconfig"; path = "Pods/Target Support Files/Pods-ResidentWKApp WatchKit Extension/Pods-ResidentWKApp WatchKit Extension.release.xcconfig"; sourceTree = "<group>"; };
/* End PBXFileReference section */

/* Begin PBXFrameworksBuildPhase section */
		3CCF45C7B24A5869BEE09BD3 /* Frameworks */ = {
			isa = PBXFrameworksBuildPhase;
			buildActionMask = 2147483647;
			files = (
				480ECCB097F22EB6A905A949 /* Pods_ResidentWKApp_WatchKit_App.framework in Frameworks */,
			);
			runOnlyForDeploymentPostprocessing = 0;
		};
		79C96D511D4DD52D0060E662 /* Frameworks */ = {
			isa = PBXFrameworksBuildPhase;
			buildActionMask = 2147483647;
			files = (
				79C96DA71D4FAD9E0060E662 /* libstdc++.tbd in Frameworks */,
				79C96DA51D4FAD4A0060E662 /* libz.1.1.3.tbd in Frameworks */,
				79C96DA31D4FAD250060E662 /* libz.tbd in Frameworks */,
				79C96D9E1D4F6D980060E662 /* SystemConfiguration.framework in Frameworks */,
				D21D7727127C3C03AFBE5D5C /* Pods_ResidentWKApp.framework in Frameworks */,
			);
			runOnlyForDeploymentPostprocessing = 0;
		};
		79C96D721D4DD52D0060E662 /* Frameworks */ = {
			isa = PBXFrameworksBuildPhase;
			buildActionMask = 2147483647;
			files = (
				77CEA2BED1BEBB21AA1F346C /* Pods_ResidentWKApp_WatchKit_Extension.framework in Frameworks */,
			);
			runOnlyForDeploymentPostprocessing = 0;
		};
/* End PBXFrameworksBuildPhase section */

/* Begin PBXGroup section */
		3BEA0D06E89FE5E55636E3AB /* Frameworks */ = {
			isa = PBXGroup;
			children = (
				79C96DA61D4FAD9E0060E662 /* libstdc++.tbd */,
				79C96DA41D4FAD4A0060E662 /* libz.1.1.3.tbd */,
				79C96DA21D4FAD250060E662 /* libz.tbd */,
				79C96D9D1D4F6D980060E662 /* SystemConfiguration.framework */,
				512C53FF2946C6207E8BF804 /* Pods_ResidentWKApp.framework */,
				24789A004CE6620A566D8343 /* Pods_ResidentWKApp_WatchKit_App.framework */,
				8EFF45925EA95ED5408DE0B6 /* Pods_ResidentWKApp_WatchKit_Extension.framework */,
			);
			name = Frameworks;
			sourceTree = "<group>";
		};
		79C96D4B1D4DD52C0060E662 = {
			isa = PBXGroup;
			children = (
				79C96D561D4DD52D0060E662 /* ResidentWKApp */,
				79C96D6A1D4DD52D0060E662 /* ResidentWKApp WatchKit App */,
				79C96D791D4DD52D0060E662 /* ResidentWKApp WatchKit Extension */,
				79C96D551D4DD52D0060E662 /* Products */,
				CC17EBC06B8B5751F1D0621C /* Pods */,
				3BEA0D06E89FE5E55636E3AB /* Frameworks */,
			);
			sourceTree = "<group>";
		};
		79C96D551D4DD52D0060E662 /* Products */ = {
			isa = PBXGroup;
			children = (
				79C96D541D4DD52D0060E662 /* ResidentWKApp.app */,
				79C96D661D4DD52D0060E662 /* ResidentWKApp WatchKit App.app */,
				79C96D751D4DD52D0060E662 /* ResidentWKApp WatchKit Extension.appex */,
			);
			name = Products;
			sourceTree = "<group>";
		};
		79C96D561D4DD52D0060E662 /* ResidentWKApp */ = {
			isa = PBXGroup;
			children = (
				79C96DDA1D52D0550060E662 /* Data Manager */,
				79C96DD71D5213BE0060E662 /* Views */,
				79C96DB61D519D170060E662 /* Fonts */,
				79C96DAF1D51862A0060E662 /* Xibs */,
				79C96DAA1D50C45E0060E662 /* Controllers */,
				79C96D981D4EEC610060E662 /* Models */,
				79C96D571D4DD52D0060E662 /* AppDelegate.swift */,
				79C96D5E1D4DD52D0060E662 /* Assets.xcassets */,
				79C96D601D4DD52D0060E662 /* LaunchScreen.storyboard */,
				79C96D631D4DD52D0060E662 /* Info.plist */,
				79C96D9F1D4F6E1D0060E662 /* ResidentWKApp-Bridging-Header.h */,
			);
			path = ResidentWKApp;
			sourceTree = "<group>";
		};
		79C96D6A1D4DD52D0060E662 /* ResidentWKApp WatchKit App */ = {
			isa = PBXGroup;
			children = (
				79C96D6B1D4DD52D0060E662 /* Interface.storyboard */,
				79C96D6E1D4DD52D0060E662 /* Assets.xcassets */,
				79C96D701D4DD52D0060E662 /* Info.plist */,
			);
			path = "ResidentWKApp WatchKit App";
			sourceTree = "<group>";
		};
		79C96D791D4DD52D0060E662 /* ResidentWKApp WatchKit Extension */ = {
			isa = PBXGroup;
			children = (
				79C96D821D4DD52D0060E662 /* Assets.xcassets */,
				79C96D7E1D4DD52D0060E662 /* ExtensionDelegate.swift */,
				79C96D841D4DD52D0060E662 /* Info.plist */,
				79C96D7C1D4DD52D0060E662 /* InterfaceController.swift */,
				796CF11A1D55C5250080FB07 /* MessageDetailsController.swift */,
				796CF1181D55B4380080FB07 /* MessageRow.swift */,
				796CF1161D55AC6D0080FB07 /* MessagesController.swift */,
				79C96D801D4DD52D0060E662 /* NotificationController.swift */,
				79C96D7A1D4DD52D0060E662 /* Supporting Files */,
				796CF1261D55FB260080FB07 /* Message.swift */,
			);
			path = "ResidentWKApp WatchKit Extension";
			sourceTree = "<group>";
		};
		79C96D7A1D4DD52D0060E662 /* Supporting Files */ = {
			isa = PBXGroup;
			children = (
				79C96D7B1D4DD52D0060E662 /* PushNotificationPayload.apns */,
			);
			name = "Supporting Files";
			sourceTree = "<group>";
		};
		79C96D931D4EEC170060E662 /* Networking */ = {
			isa = PBXGroup;
			children = (
				79C96D941D4EEC380060E662 /* BaseIO.swift */,
				79C96D951D4EEC380060E662 /* NetworkIO.swift */,
			);
			name = Networking;
			sourceTree = "<group>";
		};
		79C96D981D4EEC610060E662 /* Models */ = {
			isa = PBXGroup;
			children = (
				79C96D931D4EEC170060E662 /* Networking */,
				79C96D991D4EEC870060E662 /* Constants.swift */,
				79C96D9B1D4EED490060E662 /* LocationManager.swift */,
				79C96DA81D50C1D20060E662 /* User.swift */,
				79C96DCB1D51B2120060E662 /* Util.swift */,
			);
			name = Models;
			sourceTree = "<group>";
		};
		79C96DAA1D50C45E0060E662 /* Controllers */ = {
			isa = PBXGroup;
			children = (
				79C96DD11D520E610060E662 /* MessageDetailsViewController.swift */,
				79C96DB41D5195380060E662 /* KeyboardViewController.swift */,
				79C96DAB1D50C4790060E662 /* LoginViewController.swift */,
				79C96DAD1D5185EC0060E662 /* LandingViewController.swift */,
				79C96DCF1D5204170060E662 /* MessagesViewController.swift */,
			);
			name = Controllers;
			sourceTree = "<group>";
		};
		79C96DAF1D51862A0060E662 /* Xibs */ = {
			isa = PBXGroup;
			children = (
				79C96DB01D51864C0060E662 /* LoginViewController.xib */,
				79C96DB21D5186660060E662 /* LandingViewController.xib */,
				79C96DCD1D5203EA0060E662 /* MessagesViewController.xib */,
				79C96DD31D520E850060E662 /* MessageDetailsViewController.xib */,
				79C96DD51D5213B20060E662 /* MessageCell.xib */,
			);
			name = Xibs;
			sourceTree = "<group>";
		};
		79C96DB61D519D170060E662 /* Fonts */ = {
			isa = PBXGroup;
			children = (
				79C96DB71D519D320060E662 /* OpenSans-Bold.ttf */,
				79C96DB81D519D320060E662 /* OpenSans-BoldItalic.ttf */,
				79C96DB91D519D320060E662 /* OpenSans-ExtraBold.ttf */,
				79C96DBA1D519D320060E662 /* OpenSans-ExtraBoldItalic.ttf */,
				79C96DBB1D519D320060E662 /* OpenSans-Italic.ttf */,
				79C96DBC1D519D320060E662 /* OpenSans-Light.ttf */,
				79C96DBD1D519D320060E662 /* OpenSans-LightItalic.ttf */,
				79C96DBE1D519D320060E662 /* OpenSans-Regular.ttf */,
				79C96DBF1D519D320060E662 /* OpenSans-Semibold.ttf */,
				79C96DC01D519D320060E662 /* OpenSans-SemiboldItalic.ttf */,
			);
			name = Fonts;
			sourceTree = "<group>";
		};
		79C96DD71D5213BE0060E662 /* Views */ = {
			isa = PBXGroup;
			children = (
				79C96DD81D5213EC0060E662 /* MessageCell.swift */,
			);
			name = Views;
			sourceTree = "<group>";
		};
		79C96DDA1D52D0550060E662 /* Data Manager */ = {
			isa = PBXGroup;
			children = (
				79C96DE41D52D1C80060E662 /* Notification+CoreDataProperties.swift */,
				79C96DE51D52D1C80060E662 /* Notification.swift */,
				79C96DDB1D52D0720060E662 /* DataManager.swift */,
				79C96DDC1D52D0720060E662 /* DataModel.xcdatamodeld */,
			);
			name = "Data Manager";
			sourceTree = "<group>";
		};
		CC17EBC06B8B5751F1D0621C /* Pods */ = {
			isa = PBXGroup;
			children = (
				94BEC95712BFF64C85378072 /* Pods-ResidentWKApp.debug.xcconfig */,
				59865A24933DCE6E8377B50F /* Pods-ResidentWKApp.release.xcconfig */,
				169BF835F3FC15C021E696EB /* Pods-ResidentWKApp WatchKit App.debug.xcconfig */,
				C3BB0FD166FC8BF60AC796D5 /* Pods-ResidentWKApp WatchKit App.release.xcconfig */,
				5CD88208E3D08BD2B4A64F12 /* Pods-ResidentWKApp WatchKit Extension.debug.xcconfig */,
				C6108BFE8AB20C7F9C1B8A94 /* Pods-ResidentWKApp WatchKit Extension.release.xcconfig */,
			);
			name = Pods;
			sourceTree = "<group>";
		};
/* End PBXGroup section */

/* Begin PBXNativeTarget section */
		79C96D531D4DD52D0060E662 /* ResidentWKApp */ = {
			isa = PBXNativeTarget;
			buildConfigurationList = 79C96D8F1D4DD52D0060E662 /* Build configuration list for PBXNativeTarget "ResidentWKApp" */;
			buildPhases = (
				29199CDFE9B6A937A33E1C50 /* [CP] Check Pods Manifest.lock */,
				79C96D501D4DD52D0060E662 /* Sources */,
				79C96D511D4DD52D0060E662 /* Frameworks */,
				79C96D521D4DD52D0060E662 /* Resources */,
				79C96D8E1D4DD52D0060E662 /* Embed Watch Content */,
				064EFBC19D8BF88BD7C442A9 /* [CP] Embed Pods Frameworks */,
				BD3F83A9F199976004AC9BE1 /* [CP] Copy Pods Resources */,
			);
			buildRules = (
			);
			dependencies = (
				79C96D691D4DD52D0060E662 /* PBXTargetDependency */,
			);
			name = ResidentWKApp;
			productName = ResidentWKApp;
			productReference = 79C96D541D4DD52D0060E662 /* ResidentWKApp.app */;
			productType = "com.apple.product-type.application";
		};
		79C96D651D4DD52D0060E662 /* ResidentWKApp WatchKit App */ = {
			isa = PBXNativeTarget;
			buildConfigurationList = 79C96D8B1D4DD52D0060E662 /* Build configuration list for PBXNativeTarget "ResidentWKApp WatchKit App" */;
			buildPhases = (
				305643495E6FCB76BB23DA2C /* [CP] Check Pods Manifest.lock */,
				79C96D641D4DD52D0060E662 /* Resources */,
				79C96D8A1D4DD52D0060E662 /* Embed App Extensions */,
				3CCF45C7B24A5869BEE09BD3 /* Frameworks */,
				BDA3243FA5ECCF2FA9CCD871 /* [CP] Copy Pods Resources */,
			);
			buildRules = (
			);
			dependencies = (
				79C96D781D4DD52D0060E662 /* PBXTargetDependency */,
			);
			name = "ResidentWKApp WatchKit App";
			productName = "ResidentWKApp WatchKit App";
			productReference = 79C96D661D4DD52D0060E662 /* ResidentWKApp WatchKit App.app */;
			productType = "com.apple.product-type.application.watchapp2";
		};
		79C96D741D4DD52D0060E662 /* ResidentWKApp WatchKit Extension */ = {
			isa = PBXNativeTarget;
			buildConfigurationList = 79C96D871D4DD52D0060E662 /* Build configuration list for PBXNativeTarget "ResidentWKApp WatchKit Extension" */;
			buildPhases = (
				DDBAAB43FA9F48626D14819D /* [CP] Check Pods Manifest.lock */,
				79C96D711D4DD52D0060E662 /* Sources */,
				79C96D721D4DD52D0060E662 /* Frameworks */,
				79C96D731D4DD52D0060E662 /* Resources */,
				FFC465434E59E3F2C3BFA30D /* [CP] Embed Pods Frameworks */,
				D31AC2133E4C73BBC74CBB05 /* [CP] Copy Pods Resources */,
			);
			buildRules = (
			);
			dependencies = (
			);
			name = "ResidentWKApp WatchKit Extension";
			productName = "ResidentWKApp WatchKit Extension";
			productReference = 79C96D751D4DD52D0060E662 /* ResidentWKApp WatchKit Extension.appex */;
			productType = "com.apple.product-type.watchkit2-extension";
		};
/* End PBXNativeTarget section */

/* Begin PBXProject section */
		79C96D4C1D4DD52C0060E662 /* Project object */ = {
			isa = PBXProject;
			attributes = {
				LastSwiftUpdateCheck = 0730;
				LastUpgradeCheck = 0730;
				ORGANIZATIONNAME = "Balram Singh";
				TargetAttributes = {
					79C96D531D4DD52D0060E662 = {
						CreatedOnToolsVersion = 7.3.1;
					};
					79C96D651D4DD52D0060E662 = {
						CreatedOnToolsVersion = 7.3.1;
						DevelopmentTeam = S2T5RH48ZP;
					};
					79C96D741D4DD52D0060E662 = {
						CreatedOnToolsVersion = 7.3.1;
					};
				};
			};
			buildConfigurationList = 79C96D4F1D4DD52C0060E662 /* Build configuration list for PBXProject "ResidentWKApp" */;
			compatibilityVersion = "Xcode 3.2";
			developmentRegion = English;
			hasScannedForEncodings = 0;
			knownRegions = (
				en,
				Base,
			);
			mainGroup = 79C96D4B1D4DD52C0060E662;
			productRefGroup = 79C96D551D4DD52D0060E662 /* Products */;
			projectDirPath = "";
			projectRoot = "";
			targets = (
				79C96D531D4DD52D0060E662 /* ResidentWKApp */,
				79C96D651D4DD52D0060E662 /* ResidentWKApp WatchKit App */,
				79C96D741D4DD52D0060E662 /* ResidentWKApp WatchKit Extension */,
			);
		};
/* End PBXProject section */

/* Begin PBXResourcesBuildPhase section */
		79C96D521D4DD52D0060E662 /* Resources */ = {
			isa = PBXResourcesBuildPhase;
			buildActionMask = 2147483647;
			files = (
				79C96DC51D519D320060E662 /* OpenSans-Italic.ttf in Resources */,
				79C96DC21D519D320060E662 /* OpenSans-BoldItalic.ttf in Resources */,
				79C96D621D4DD52D0060E662 /* LaunchScreen.storyboard in Resources */,
				79C96DC91D519D320060E662 /* OpenSans-Semibold.ttf in Resources */,
				79C96DC31D519D320060E662 /* OpenSans-ExtraBold.ttf in Resources */,
				79C96D5F1D4DD52D0060E662 /* Assets.xcassets in Resources */,
				79C96DD41D520E850060E662 /* MessageDetailsViewController.xib in Resources */,
				79C96DCE1D5203EA0060E662 /* MessagesViewController.xib in Resources */,
				79C96DC71D519D320060E662 /* OpenSans-LightItalic.ttf in Resources */,
				79C96DB31D5186660060E662 /* LandingViewController.xib in Resources */,
				79C96DC11D519D320060E662 /* OpenSans-Bold.ttf in Resources */,
				79C96DB11D51864C0060E662 /* LoginViewController.xib in Resources */,
				79C96DD61D5213B20060E662 /* MessageCell.xib in Resources */,
				79C96DCA1D519D320060E662 /* OpenSans-SemiboldItalic.ttf in Resources */,
				79C96DC61D519D320060E662 /* OpenSans-Light.ttf in Resources */,
				79C96DC81D519D320060E662 /* OpenSans-Regular.ttf in Resources */,
				79C96DC41D519D320060E662 /* OpenSans-ExtraBoldItalic.ttf in Resources */,
			);
			runOnlyForDeploymentPostprocessing = 0;
		};
		79C96D641D4DD52D0060E662 /* Resources */ = {
			isa = PBXResourcesBuildPhase;
			buildActionMask = 2147483647;
			files = (
				796CF1231D55CBE90080FB07 /* OpenSans-Regular.ttf in Resources */,
				796CF1241D55CBE90080FB07 /* OpenSans-Semibold.ttf in Resources */,
				79C96D6F1D4DD52D0060E662 /* Assets.xcassets in Resources */,
				796CF11F1D55CBE90080FB07 /* OpenSans-ExtraBoldItalic.ttf in Resources */,
				796CF1251D55CBE90080FB07 /* OpenSans-SemiboldItalic.ttf in Resources */,
				796CF1211D55CBE90080FB07 /* OpenSans-Light.ttf in Resources */,
				79C96D6D1D4DD52D0060E662 /* Interface.storyboard in Resources */,
				796CF11D1D55CBE90080FB07 /* OpenSans-BoldItalic.ttf in Resources */,
				796CF11C1D55CBE90080FB07 /* OpenSans-Bold.ttf in Resources */,
				796CF11E1D55CBE90080FB07 /* OpenSans-ExtraBold.ttf in Resources */,
				796CF1201D55CBE90080FB07 /* OpenSans-Italic.ttf in Resources */,
				796CF1221D55CBE90080FB07 /* OpenSans-LightItalic.ttf in Resources */,
			);
			runOnlyForDeploymentPostprocessing = 0;
		};
		79C96D731D4DD52D0060E662 /* Resources */ = {
			isa = PBXResourcesBuildPhase;
			buildActionMask = 2147483647;
			files = (
				79C96D831D4DD52D0060E662 /* Assets.xcassets in Resources */,
			);
			runOnlyForDeploymentPostprocessing = 0;
		};
/* End PBXResourcesBuildPhase section */

/* Begin PBXShellScriptBuildPhase section */
		064EFBC19D8BF88BD7C442A9 /* [CP] Embed Pods Frameworks */ = {
			isa = PBXShellScriptBuildPhase;
			buildActionMask = 2147483647;
			files = (
			);
			inputPaths = (
			);
			name = "[CP] Embed Pods Frameworks";
			outputPaths = (
			);
			runOnlyForDeploymentPostprocessing = 0;
			shellPath = /bin/sh;
			shellScript = "\"${SRCROOT}/Pods/Target Support Files/Pods-ResidentWKApp/Pods-ResidentWKApp-frameworks.sh\"\n";
			showEnvVarsInLog = 0;
		};
		29199CDFE9B6A937A33E1C50 /* [CP] Check Pods Manifest.lock */ = {
			isa = PBXShellScriptBuildPhase;
			buildActionMask = 12;
			files = (
			);
			inputPaths = (
			);
			name = "[CP] Check Pods Manifest.lock";
			outputPaths = (
			);
			runOnlyForDeploymentPostprocessing = 0;
			shellPath = /bin/sh;
			shellScript = "diff \"${PODS_ROOT}/../Podfile.lock\" \"${PODS_ROOT}/Manifest.lock\" > /dev/null\nif [[ $? != 0 ]] ; then\n    cat << EOM\nerror: The sandbox is not in sync with the Podfile.lock. Run 'pod install' or update your CocoaPods installation.\nEOM\n    exit 1\nfi\n";
			showEnvVarsInLog = 0;
		};
		305643495E6FCB76BB23DA2C /* [CP] Check Pods Manifest.lock */ = {
			isa = PBXShellScriptBuildPhase;
			buildActionMask = 2147483647;
			files = (
			);
			inputPaths = (
			);
			name = "[CP] Check Pods Manifest.lock";
			outputPaths = (
			);
			runOnlyForDeploymentPostprocessing = 0;
			shellPath = /bin/sh;
			shellScript = "diff \"${PODS_ROOT}/../Podfile.lock\" \"${PODS_ROOT}/Manifest.lock\" > /dev/null\nif [[ $? != 0 ]] ; then\n    cat << EOM\nerror: The sandbox is not in sync with the Podfile.lock. Run 'pod install' or update your CocoaPods installation.\nEOM\n    exit 1\nfi\n";
			showEnvVarsInLog = 0;
		};
		BD3F83A9F199976004AC9BE1 /* [CP] Copy Pods Resources */ = {
			isa = PBXShellScriptBuildPhase;
			buildActionMask = 2147483647;
			files = (
			);
			inputPaths = (
			);
			name = "[CP] Copy Pods Resources";
			outputPaths = (
			);
			runOnlyForDeploymentPostprocessing = 0;
			shellPath = /bin/sh;
			shellScript = "\"${SRCROOT}/Pods/Target Support Files/Pods-ResidentWKApp/Pods-ResidentWKApp-resources.sh\"\n";
			showEnvVarsInLog = 0;
		};
		BDA3243FA5ECCF2FA9CCD871 /* [CP] Copy Pods Resources */ = {
			isa = PBXShellScriptBuildPhase;
			buildActionMask = 2147483647;
			files = (
			);
			inputPaths = (
			);
			name = "[CP] Copy Pods Resources";
			outputPaths = (
			);
			runOnlyForDeploymentPostprocessing = 0;
			shellPath = /bin/sh;
			shellScript = "\"${SRCROOT}/Pods/Target Support Files/Pods-ResidentWKApp WatchKit App/Pods-ResidentWKApp WatchKit App-resources.sh\"\n";
			showEnvVarsInLog = 0;
		};
		D31AC2133E4C73BBC74CBB05 /* [CP] Copy Pods Resources */ = {
			isa = PBXShellScriptBuildPhase;
			buildActionMask = 2147483647;
			files = (
			);
			inputPaths = (
			);
			name = "[CP] Copy Pods Resources";
			outputPaths = (
			);
			runOnlyForDeploymentPostprocessing = 0;
			shellPath = /bin/sh;
			shellScript = "\"${SRCROOT}/Pods/Target Support Files/Pods-ResidentWKApp WatchKit Extension/Pods-ResidentWKApp WatchKit Extension-resources.sh\"\n";
			showEnvVarsInLog = 0;
		};
		DDBAAB43FA9F48626D14819D /* [CP] Check Pods Manifest.lock */ = {
			isa = PBXShellScriptBuildPhase;
			buildActionMask = 2147483647;
			files = (
			);
			inputPaths = (
			);
			name = "[CP] Check Pods Manifest.lock";
			outputPaths = (
			);
			runOnlyForDeploymentPostprocessing = 0;
			shellPath = /bin/sh;
			shellScript = "diff \"${PODS_ROOT}/../Podfile.lock\" \"${PODS_ROOT}/Manifest.lock\" > /dev/null\nif [[ $? != 0 ]] ; then\n    cat << EOM\nerror: The sandbox is not in sync with the Podfile.lock. Run 'pod install' or update your CocoaPods installation.\nEOM\n    exit 1\nfi\n";
			showEnvVarsInLog = 0;
		};
		FFC465434E59E3F2C3BFA30D /* [CP] Embed Pods Frameworks */ = {
			isa = PBXShellScriptBuildPhase;
			buildActionMask = 2147483647;
			files = (
			);
			inputPaths = (
			);
			name = "[CP] Embed Pods Frameworks";
			outputPaths = (
			);
			runOnlyForDeploymentPostprocessing = 0;
			shellPath = /bin/sh;
			shellScript = "\"${SRCROOT}/Pods/Target Support Files/Pods-ResidentWKApp WatchKit Extension/Pods-ResidentWKApp WatchKit Extension-frameworks.sh\"\n";
			showEnvVarsInLog = 0;
		};
/* End PBXShellScriptBuildPhase section */

/* Begin PBXSourcesBuildPhase section */
		79C96D501D4DD52D0060E662 /* Sources */ = {
			isa = PBXSourcesBuildPhase;
			buildActionMask = 2147483647;
			files = (
				79C96D9A1D4EEC870060E662 /* Constants.swift in Sources */,
				79C96D971D4EEC380060E662 /* NetworkIO.swift in Sources */,
				79C96DE61D52D1C80060E662 /* Notification+CoreDataProperties.swift in Sources */,
				79C96DAE1D5185EC0060E662 /* LandingViewController.swift in Sources */,
				79C96DDE1D52D0720060E662 /* DataManager.swift in Sources */,
				79C96D9C1D4EED490060E662 /* LocationManager.swift in Sources */,
				79C96DD91D5213EC0060E662 /* MessageCell.swift in Sources */,
				79C96DDF1D52D0720060E662 /* DataModel.xcdatamodeld in Sources */,
				79C96DB51D5195380060E662 /* KeyboardViewController.swift in Sources */,
				79C96DAC1D50C4790060E662 /* LoginViewController.swift in Sources */,
				79C96D581D4DD52D0060E662 /* AppDelegate.swift in Sources */,
				79C96DD21D520E610060E662 /* MessageDetailsViewController.swift in Sources */,
				79C96DCC1D51B2120060E662 /* Util.swift in Sources */,
				79C96D961D4EEC380060E662 /* BaseIO.swift in Sources */,
				79C96DD01D5204170060E662 /* MessagesViewController.swift in Sources */,
				79C96DA91D50C1D20060E662 /* User.swift in Sources */,
				79C96DE71D52D1C80060E662 /* Notification.swift in Sources */,
			);
			runOnlyForDeploymentPostprocessing = 0;
		};
		79C96D711D4DD52D0060E662 /* Sources */ = {
			isa = PBXSourcesBuildPhase;
			buildActionMask = 2147483647;
			files = (
				79C96D811D4DD52D0060E662 /* NotificationController.swift in Sources */,
				79C96D7F1D4DD52D0060E662 /* ExtensionDelegate.swift in Sources */,
				79C96D7D1D4DD52D0060E662 /* InterfaceController.swift in Sources */,
				796CF12E1D564E840080FB07 /* Message.swift in Sources */,
				796CF1171D55AC6D0080FB07 /* MessagesController.swift in Sources */,
				796CF1291D55FBB20080FB07 /* Notification.swift in Sources */,
				796CF12A1D55FBB60080FB07 /* Notification+CoreDataProperties.swift in Sources */,
				796CF11B1D55C5250080FB07 /* MessageDetailsController.swift in Sources */,
				796CF1191D55B4380080FB07 /* MessageRow.swift in Sources */,
			);
			runOnlyForDeploymentPostprocessing = 0;
		};
/* End PBXSourcesBuildPhase section */

/* Begin PBXTargetDependency section */
		79C96D691D4DD52D0060E662 /* PBXTargetDependency */ = {
			isa = PBXTargetDependency;
			target = 79C96D651D4DD52D0060E662 /* ResidentWKApp WatchKit App */;
			targetProxy = 79C96D681D4DD52D0060E662 /* PBXContainerItemProxy */;
		};
		79C96D781D4DD52D0060E662 /* PBXTargetDependency */ = {
			isa = PBXTargetDependency;
			target = 79C96D741D4DD52D0060E662 /* ResidentWKApp WatchKit Extension */;
			targetProxy = 79C96D771D4DD52D0060E662 /* PBXContainerItemProxy */;
		};
/* End PBXTargetDependency section */

/* Begin PBXVariantGroup section */
		79C96D601D4DD52D0060E662 /* LaunchScreen.storyboard */ = {
			isa = PBXVariantGroup;
			children = (
				79C96D611D4DD52D0060E662 /* Base */,
			);
			name = LaunchScreen.storyboard;
			sourceTree = "<group>";
		};
		79C96D6B1D4DD52D0060E662 /* Interface.storyboard */ = {
			isa = PBXVariantGroup;
			children = (
				79C96D6C1D4DD52D0060E662 /* Base */,
			);
			name = Interface.storyboard;
			sourceTree = "<group>";
		};
/* End PBXVariantGroup section */

/* Begin XCBuildConfiguration section */
		79C96D851D4DD52D0060E662 /* Debug */ = {
			isa = XCBuildConfiguration;
			buildSettings = {
				ALWAYS_SEARCH_USER_PATHS = NO;
				CLANG_ANALYZER_NONNULL = YES;
				CLANG_CXX_LANGUAGE_STANDARD = "gnu++0x";
				CLANG_CXX_LIBRARY = "libc++";
				CLANG_ENABLE_MODULES = YES;
				CLANG_ENABLE_OBJC_ARC = YES;
				CLANG_WARN_BOOL_CONVERSION = YES;
				CLANG_WARN_CONSTANT_CONVERSION = YES;
				CLANG_WARN_DIRECT_OBJC_ISA_USAGE = YES_ERROR;
				CLANG_WARN_EMPTY_BODY = YES;
				CLANG_WARN_ENUM_CONVERSION = YES;
				CLANG_WARN_INT_CONVERSION = YES;
				CLANG_WARN_OBJC_ROOT_CLASS = YES_ERROR;
				CLANG_WARN_UNREACHABLE_CODE = YES;
				CLANG_WARN__DUPLICATE_METHOD_MATCH = YES;
				"CODE_SIGN_IDENTITY[sdk=iphoneos*]" = "iPhone Developer";
				COPY_PHASE_STRIP = NO;
				DEBUG_INFORMATION_FORMAT = dwarf;
				ENABLE_STRICT_OBJC_MSGSEND = YES;
				ENABLE_TESTABILITY = YES;
				GCC_C_LANGUAGE_STANDARD = gnu99;
				GCC_DYNAMIC_NO_PIC = NO;
				GCC_NO_COMMON_BLOCKS = YES;
				GCC_OPTIMIZATION_LEVEL = 0;
				GCC_PREPROCESSOR_DEFINITIONS = (
					"DEBUG=1",
					"$(inherited)",
				);
				GCC_WARN_64_TO_32_BIT_CONVERSION = YES;
				GCC_WARN_ABOUT_RETURN_TYPE = YES_ERROR;
				GCC_WARN_UNDECLARED_SELECTOR = YES;
				GCC_WARN_UNINITIALIZED_AUTOS = YES_AGGRESSIVE;
				GCC_WARN_UNUSED_FUNCTION = YES;
				GCC_WARN_UNUSED_VARIABLE = YES;
				IPHONEOS_DEPLOYMENT_TARGET = 9.3;
				MTL_ENABLE_DEBUG_INFO = YES;
				ONLY_ACTIVE_ARCH = YES;
				SDKROOT = iphoneos;
				SWIFT_OPTIMIZATION_LEVEL = "-Onone";
			};
			name = Debug;
		};
		79C96D861D4DD52D0060E662 /* Release */ = {
			isa = XCBuildConfiguration;
			buildSettings = {
				ALWAYS_SEARCH_USER_PATHS = NO;
				CLANG_ANALYZER_NONNULL = YES;
				CLANG_CXX_LANGUAGE_STANDARD = "gnu++0x";
				CLANG_CXX_LIBRARY = "libc++";
				CLANG_ENABLE_MODULES = YES;
				CLANG_ENABLE_OBJC_ARC = YES;
				CLANG_WARN_BOOL_CONVERSION = YES;
				CLANG_WARN_CONSTANT_CONVERSION = YES;
				CLANG_WARN_DIRECT_OBJC_ISA_USAGE = YES_ERROR;
				CLANG_WARN_EMPTY_BODY = YES;
				CLANG_WARN_ENUM_CONVERSION = YES;
				CLANG_WARN_INT_CONVERSION = YES;
				CLANG_WARN_OBJC_ROOT_CLASS = YES_ERROR;
				CLANG_WARN_UNREACHABLE_CODE = YES;
				CLANG_WARN__DUPLICATE_METHOD_MATCH = YES;
				"CODE_SIGN_IDENTITY[sdk=iphoneos*]" = "iPhone Developer";
				COPY_PHASE_STRIP = NO;
				DEBUG_INFORMATION_FORMAT = "dwarf-with-dsym";
				ENABLE_NS_ASSERTIONS = NO;
				ENABLE_STRICT_OBJC_MSGSEND = YES;
				GCC_C_LANGUAGE_STANDARD = gnu99;
				GCC_NO_COMMON_BLOCKS = YES;
				GCC_WARN_64_TO_32_BIT_CONVERSION = YES;
				GCC_WARN_ABOUT_RETURN_TYPE = YES_ERROR;
				GCC_WARN_UNDECLARED_SELECTOR = YES;
				GCC_WARN_UNINITIALIZED_AUTOS = YES_AGGRESSIVE;
				GCC_WARN_UNUSED_FUNCTION = YES;
				GCC_WARN_UNUSED_VARIABLE = YES;
				IPHONEOS_DEPLOYMENT_TARGET = 9.3;
				MTL_ENABLE_DEBUG_INFO = NO;
				SDKROOT = iphoneos;
				VALIDATE_PRODUCT = YES;
			};
			name = Release;
		};
		79C96D881D4DD52D0060E662 /* Debug */ = {
			isa = XCBuildConfiguration;
			baseConfigurationReference = 5CD88208E3D08BD2B4A64F12 /* Pods-ResidentWKApp WatchKit Extension.debug.xcconfig */;
			buildSettings = {
				CODE_SIGN_IDENTITY = "iPhone Developer: Balram Singh (98VNKJ7Y3X)";
				INFOPLIST_FILE = "ResidentWKApp WatchKit Extension/Info.plist";
				LD_RUNPATH_SEARCH_PATHS = "$(inherited) @executable_path/Frameworks @executable_path/../../Frameworks";
				PRODUCT_BUNDLE_IDENTIFIER = com.ResidentWKApp.watchkitapp.watchkitextension;
				PRODUCT_NAME = "${TARGET_NAME}";
				PROVISIONING_PROFILE = "c33b0037-6a3c-4e9c-8831-5bea44635b07";
				SDKROOT = watchos;
				SKIP_INSTALL = YES;
				TARGETED_DEVICE_FAMILY = 4;
				WATCHOS_DEPLOYMENT_TARGET = 2.2;
			};
			name = Debug;
		};
		79C96D891D4DD52D0060E662 /* Release */ = {
			isa = XCBuildConfiguration;
			baseConfigurationReference = C6108BFE8AB20C7F9C1B8A94 /* Pods-ResidentWKApp WatchKit Extension.release.xcconfig */;
			buildSettings = {
				CODE_SIGN_IDENTITY = "iPhone Distribution: Mood Media Corporation (S2T5RH48ZP)";
				INFOPLIST_FILE = "ResidentWKApp WatchKit Extension/Info.plist";
				LD_RUNPATH_SEARCH_PATHS = "$(inherited) @executable_path/Frameworks @executable_path/../../Frameworks";
				PRODUCT_BUNDLE_IDENTIFIER = com.ResidentWKApp.watchkitapp.watchkitextension;
				PRODUCT_NAME = "${TARGET_NAME}";
				PROVISIONING_PROFILE = "5532f4d3-90ca-44e3-876f-4eeb6c416923";
				SDKROOT = watchos;
				SKIP_INSTALL = YES;
				TARGETED_DEVICE_FAMILY = 4;
				WATCHOS_DEPLOYMENT_TARGET = 2.2;
			};
			name = Release;
		};
		79C96D8C1D4DD52D0060E662 /* Debug */ = {
			isa = XCBuildConfiguration;
			baseConfigurationReference = 169BF835F3FC15C021E696EB /* Pods-ResidentWKApp WatchKit App.debug.xcconfig */;
			buildSettings = {
				ASSETCATALOG_COMPILER_APPICON_NAME = AppIcon;
				CODE_SIGN_IDENTITY = "iPhone Developer: Balram Singh (98VNKJ7Y3X)";
				EMBEDDED_CONTENT_CONTAINS_SWIFT = YES;
				IBSC_MODULE = ResidentWKApp_WatchKit_Extension;
				INFOPLIST_FILE = "ResidentWKApp WatchKit App/Info.plist";
				PRODUCT_BUNDLE_IDENTIFIER = com.ResidentWKApp.watchkitapp;
				PRODUCT_NAME = "$(TARGET_NAME)";
				PROVISIONING_PROFILE = "c33b0037-6a3c-4e9c-8831-5bea44635b07";
				SDKROOT = watchos;
				SKIP_INSTALL = YES;
				TARGETED_DEVICE_FAMILY = 4;
				WATCHOS_DEPLOYMENT_TARGET = 2.2;
			};
			name = Debug;
		};
		79C96D8D1D4DD52D0060E662 /* Release */ = {
			isa = XCBuildConfiguration;
			baseConfigurationReference = C3BB0FD166FC8BF60AC796D5 /* Pods-ResidentWKApp WatchKit App.release.xcconfig */;
			buildSettings = {
				ASSETCATALOG_COMPILER_APPICON_NAME = AppIcon;
				CODE_SIGN_IDENTITY = "iPhone Distribution: Mood Media Corporation (S2T5RH48ZP)";
				"CODE_SIGN_IDENTITY[sdk=iphoneos*]" = "iPhone Distribution: Mood Media Corporation (S2T5RH48ZP)";
				EMBEDDED_CONTENT_CONTAINS_SWIFT = YES;
				IBSC_MODULE = ResidentWKApp_WatchKit_Extension;
				INFOPLIST_FILE = "ResidentWKApp WatchKit App/Info.plist";
				PRODUCT_BUNDLE_IDENTIFIER = com.ResidentWKApp.watchkitapp;
				PRODUCT_NAME = "$(TARGET_NAME)";
				PROVISIONING_PROFILE = "5532f4d3-90ca-44e3-876f-4eeb6c416923";
				SDKROOT = watchos;
				SKIP_INSTALL = YES;
				TARGETED_DEVICE_FAMILY = 4;
				WATCHOS_DEPLOYMENT_TARGET = 2.2;
			};
			name = Release;
		};
		79C96D901D4DD52D0060E662 /* Debug */ = {
			isa = XCBuildConfiguration;
			baseConfigurationReference = 94BEC95712BFF64C85378072 /* Pods-ResidentWKApp.debug.xcconfig */;
			buildSettings = {
				ASSETCATALOG_COMPILER_APPICON_NAME = AppIcon;
				CLANG_ENABLE_MODULES = YES;
				CODE_SIGN_IDENTITY = "iPhone Developer: Balram Singh (98VNKJ7Y3X)";
				INFOPLIST_FILE = ResidentWKApp/Info.plist;
				IPHONEOS_DEPLOYMENT_TARGET = 9.0;
				LD_RUNPATH_SEARCH_PATHS = "$(inherited) @executable_path/Frameworks";
				PRODUCT_BUNDLE_IDENTIFIER = com.ResidentWKApp;
				PRODUCT_NAME = "$(TARGET_NAME)";
				PROVISIONING_PROFILE = "2d767045-2616-4372-91eb-10ad774b48b8";
				SWIFT_OBJC_BRIDGING_HEADER = "ResidentWKApp/ResidentWKApp-Bridging-Header.h";
				SWIFT_OPTIMIZATION_LEVEL = "-Onone";
			};
			name = Debug;
		};
		79C96D911D4DD52D0060E662 /* Release */ = {
			isa = XCBuildConfiguration;
			baseConfigurationReference = 59865A24933DCE6E8377B50F /* Pods-ResidentWKApp.release.xcconfig */;
			buildSettings = {
				ASSETCATALOG_COMPILER_APPICON_NAME = AppIcon;
				CLANG_ENABLE_MODULES = YES;
				CODE_SIGN_IDENTITY = "iPhone Distribution: Mood Media Corporation (S2T5RH48ZP)";
				INFOPLIST_FILE = ResidentWKApp/Info.plist;
				IPHONEOS_DEPLOYMENT_TARGET = 9.0;
				LD_RUNPATH_SEARCH_PATHS = "$(inherited) @executable_path/Frameworks";
				PRODUCT_BUNDLE_IDENTIFIER = com.ResidentWKApp;
				PRODUCT_NAME = "$(TARGET_NAME)";
				PROVISIONING_PROFILE = "973c7b2f-22e6-47eb-a285-e175901066d0";
				SWIFT_OBJC_BRIDGING_HEADER = "ResidentWKApp/ResidentWKApp-Bridging-Header.h";
			};
			name = Release;
		};
/* End XCBuildConfiguration section */

/* Begin XCConfigurationList section */
		79C96D4F1D4DD52C0060E662 /* Build configuration list for PBXProject "ResidentWKApp" */ = {
			isa = XCConfigurationList;
			buildConfigurations = (
				79C96D851D4DD52D0060E662 /* Debug */,
				79C96D861D4DD52D0060E662 /* Release */,
			);
			defaultConfigurationIsVisible = 0;
			defaultConfigurationName = Release;
		};
		79C96D871D4DD52D0060E662 /* Build configuration list for PBXNativeTarget "ResidentWKApp WatchKit Extension" */ = {
			isa = XCConfigurationList;
			buildConfigurations = (
				79C96D881D4DD52D0060E662 /* Debug */,
				79C96D891D4DD52D0060E662 /* Release */,
			);
			defaultConfigurationIsVisible = 0;
			defaultConfigurationName = Release;
		};
		79C96D8B1D4DD52D0060E662 /* Build configuration list for PBXNativeTarget "ResidentWKApp WatchKit App" */ = {
			isa = XCConfigurationList;
			buildConfigurations = (
				79C96D8C1D4DD52D0060E662 /* Debug */,
				79C96D8D1D4DD52D0060E662 /* Release */,
			);
			defaultConfigurationIsVisible = 0;
			defaultConfigurationName = Release;
		};
		79C96D8F1D4DD52D0060E662 /* Build configuration list for PBXNativeTarget "ResidentWKApp" */ = {
			isa = XCConfigurationList;
			buildConfigurations = (
				79C96D901D4DD52D0060E662 /* Debug */,
				79C96D911D4DD52D0060E662 /* Release */,
			);
			defaultConfigurationIsVisible = 0;
			defaultConfigurationName = Release;
		};
/* End XCConfigurationList section */

/* Begin XCVersionGroup section */
		79C96DDC1D52D0720060E662 /* DataModel.xcdatamodeld */ = {
			isa = XCVersionGroup;
			children = (
				79C96DDD1D52D0720060E662 /* DataModel.xcdatamodel */,
			);
			currentVersion = 79C96DDD1D52D0720060E662 /* DataModel.xcdatamodel */;
			path = DataModel.xcdatamodeld;
			sourceTree = "<group>";
			versionGroupType = wrapper.xcdatamodel;
		};
/* End XCVersionGroup section */
	};
	rootObject = 79C96D4C1D4DD52C0060E662 /* Project object */;
}
